// !$*UTF8*$!
{
	archiveVersion = 1;
	classes = {
	};
	objectVersion = 50;
	objects = {

/* Begin PBXBuildFile section */
		CB6E216B256C1D91005173CB /* AppDelegate.swift in Sources */ = {isa = PBXBuildFile; fileRef = CB6E216A256C1D91005173CB /* AppDelegate.swift */; };
		CB6E216D256C1D91005173CB /* SceneDelegate.swift in Sources */ = {isa = PBXBuildFile; fileRef = CB6E216C256C1D91005173CB /* SceneDelegate.swift */; };
		CB6E216F256C1D91005173CB /* ContentView.swift in Sources */ = {isa = PBXBuildFile; fileRef = CB6E216E256C1D91005173CB /* ContentView.swift */; };
		CB6E2171256C1D96005173CB /* Assets.xcassets in Resources */ = {isa = PBXBuildFile; fileRef = CB6E2170256C1D96005173CB /* Assets.xcassets */; };
		CB6E2177256C1D96005173CB /* LaunchScreen.storyboard in Resources */ = {isa = PBXBuildFile; fileRef = CB6E2175256C1D96005173CB /* LaunchScreen.storyboard */; };
		CB6E2180256C1DA4005173CB /* AlertView.swift in Sources */ = {isa = PBXBuildFile; fileRef = CB6E217F256C1DA4005173CB /* AlertView.swift */; };
		CB7F00CF2573E4E400930222 /* AlertWithTextField.swift in Sources */ = {isa = PBXBuildFile; fileRef = CB7F00CE2573E4E400930222 /* AlertWithTextField.swift */; };
/* End PBXBuildFile section */

/* Begin PBXFileReference section */
		CB6E2167256C1D91005173CB /* CustomAlerts.app */ = {isa = PBXFileReference; explicitFileType = wrapper.application; includeInIndex = 0; path = CustomAlerts.app; sourceTree = BUILT_PRODUCTS_DIR; };
		CB6E216A256C1D91005173CB /* AppDelegate.swift */ = {isa = PBXFileReference; lastKnownFileType = sourcecode.swift; path = AppDelegate.swift; sourceTree = "<group>"; };
		CB6E216C256C1D91005173CB /* SceneDelegate.swift */ = {isa = PBXFileReference; lastKnownFileType = sourcecode.swift; path = SceneDelegate.swift; sourceTree = "<group>"; };
		CB6E216E256C1D91005173CB /* ContentView.swift */ = {isa = PBXFileReference; lastKnownFileType = sourcecode.swift; path = ContentView.swift; sourceTree = "<group>"; };
		CB6E2170256C1D96005173CB /* Assets.xcassets */ = {isa = PBXFileReference; lastKnownFileType = folder.assetcatalog; path = Assets.xcassets; sourceTree = "<group>"; };
		CB6E2176256C1D96005173CB /* Base */ = {isa = PBXFileReference; lastKnownFileType = file.storyboard; name = Base; path = Base.lproj/LaunchScreen.storyboard; sourceTree = "<group>"; };
		CB6E2178256C1D96005173CB /* Info.plist */ = {isa = PBXFileReference; lastKnownFileType = text.plist.xml; path = Info.plist; sourceTree = "<group>"; };
		CB6E217F256C1DA4005173CB /* AlertView.swift */ = {isa = PBXFileReference; lastKnownFileType = sourcecode.swift; path = AlertView.swift; sourceTree = "<group>"; };
		CB7F00CE2573E4E400930222 /* AlertWithTextField.swift */ = {isa = PBXFileReference; lastKnownFileType = sourcecode.swift; path = AlertWithTextField.swift; sourceTree = "<group>"; };
/* End PBXFileReference section */

/* Begin PBXFrameworksBuildPhase section */
		CB6E2164256C1D91005173CB /* Frameworks */ = {
			isa = PBXFrameworksBuildPhase;
			buildActionMask = 2147483647;
			files = (
			);
			runOnlyForDeploymentPostprocessing = 0;
		};
/* End PBXFrameworksBuildPhase section */

/* Begin PBXGroup section */
		CB6E215E256C1D91005173CB = {
			isa = PBXGroup;
			children = (
				CB6E2169256C1D91005173CB /* CustomAlerts */,
				CB6E2168256C1D91005173CB /* Products */,
			);
			sourceTree = "<group>";
		};
		CB6E2168256C1D91005173CB /* Products */ = {
			isa = PBXGroup;
			children = (
				CB6E2167256C1D91005173CB /* CustomAlerts.app */,
			);
			name = Products;
			sourceTree = "<group>";
		};
		CB6E2169256C1D91005173CB /* CustomAlerts */ = {
			isa = PBXGroup;
			children = (
				CB7F00D32573E58C00930222 /* App Lifecycle */,
				CB6E216E256C1D91005173CB /* ContentView.swift */,
				CB7F00D72573E67A00930222 /* Alerts */,
				CB7F00D52573E66100930222 /* Resources */,
			);
			path = CustomAlerts;
			sourceTree = "<group>";
		};
		CB7F00D32573E58C00930222 /* App Lifecycle */ = {
			isa = PBXGroup;
			children = (
				CB6E216A256C1D91005173CB /* AppDelegate.swift */,
				CB6E216C256C1D91005173CB /* SceneDelegate.swift */,
			);
			path = "App Lifecycle";
			sourceTree = "<group>";
		};
		CB7F00D52573E66100930222 /* Resources */ = {
			isa = PBXGroup;
			children = (
				CB6E2178256C1D96005173CB /* Info.plist */,
				CB6E2175256C1D96005173CB /* LaunchScreen.storyboard */,
				CB6E2170256C1D96005173CB /* Assets.xcassets */,
			);
			name = Resources;
			sourceTree = "<group>";
		};
		CB7F00D72573E67A00930222 /* Alerts */ = {
			isa = PBXGroup;
			children = (
				CB7F00CE2573E4E400930222 /* AlertWithTextField.swift */,
				CB6E217F256C1DA4005173CB /* AlertView.swift */,
			);
			path = Alerts;
			sourceTree = "<group>";
		};
/* End PBXGroup section */

/* Begin PBXNativeTarget section */
		CB6E2166256C1D91005173CB /* CustomAlerts */ = {
			isa = PBXNativeTarget;
			buildConfigurationList = CB6E217B256C1D96005173CB /* Build configuration list for PBXNativeTarget "CustomAlerts" */;
			buildPhases = (
				CB6E2163256C1D91005173CB /* Sources */,
				CB6E2164256C1D91005173CB /* Frameworks */,
				CB6E2165256C1D91005173CB /* Resources */,
			);
			buildRules = (
			);
			dependencies = (
			);
			name = CustomAlerts;
			productName = CustomAlerts;
			productReference = CB6E2167256C1D91005173CB /* CustomAlerts.app */;
			productType = "com.apple.product-type.application";
		};
/* End PBXNativeTarget section */

/* Begin PBXProject section */
		CB6E215F256C1D91005173CB /* Project object */ = {
			isa = PBXProject;
			attributes = {
				LastSwiftUpdateCheck = 1220;
				LastUpgradeCheck = 1220;
				TargetAttributes = {
					CB6E2166256C1D91005173CB = {
						CreatedOnToolsVersion = 12.2;
					};
				};
			};
			buildConfigurationList = CB6E2162256C1D91005173CB /* Build configuration list for PBXProject "CustomAlerts" */;
			compatibilityVersion = "Xcode 9.3";
			developmentRegion = en;
			hasScannedForEncodings = 0;
			knownRegions = (
				en,
				Base,
			);
			mainGroup = CB6E215E256C1D91005173CB;
			productRefGroup = CB6E2168256C1D91005173CB /* Products */;
			projectDirPath = "";
			projectRoot = "";
			targets = (
				CB6E2166256C1D91005173CB /* CustomAlerts */,
			);
		};
/* End PBXProject section */

/* Begin PBXResourcesBuildPhase section */
		CB6E2165256C1D91005173CB /* Resources */ = {
			isa = PBXResourcesBuildPhase;
			buildActionMask = 2147483647;
			files = (
				CB6E2177256C1D96005173CB /* LaunchScreen.storyboard in Resources */,
				CB6E2171256C1D96005173CB /* Assets.xcassets in Resources */,
			);
			runOnlyForDeploymentPostprocessing = 0;
		};
/* End PBXResourcesBuildPhase section */

/* Begin PBXSourcesBuildPhase section */
		CB6E2163256C1D91005173CB /* Sources */ = {
			isa = PBXSourcesBuildPhase;
			buildActionMask = 2147483647;
			files = (
				CB6E216B256C1D91005173CB /* AppDelegate.swift in Sources */,
				CB6E2180256C1DA4005173CB /* AlertView.swift in Sources */,
				CB7F00CF2573E4E400930222 /* AlertWithTextField.swift in Sources */,
				CB6E216D256C1D91005173CB /* SceneDelegate.swift in Sources */,
				CB6E216F256C1D91005173CB /* ContentView.swift in Sources */,
			);
			runOnlyForDeploymentPostprocessing = 0;
		};
/* End PBXSourcesBuildPhase section */

/* Begin PBXVariantGroup section */
		CB6E2175256C1D96005173CB /* LaunchScreen.storyboard */ = {
			isa = PBXVariantGroup;
			children = (
				CB6E2176256C1D96005173CB /* Base */,
			);
			name = LaunchScreen.storyboard;
			sourceTree = "<group>";
		};
/* End PBXVariantGroup section */

/* Begin XCBuildConfiguration section */
		CB6E2179256C1D96005173CB /* Debug */ = {
			isa = XCBuildConfiguration;
			buildSettings = {
				ALWAYS_SEARCH_USER_PATHS = NO;
				CLANG_ANALYZER_NONNULL = YES;
				CLANG_ANALYZER_NUMBER_OBJECT_CONVERSION = YES_AGGRESSIVE;
				CLANG_CXX_LANGUAGE_STANDARD = "gnu++14";
				CLANG_CXX_LIBRARY = "libc++";
				CLANG_ENABLE_MODULES = YES;
				CLANG_ENABLE_OBJC_ARC = YES;
				CLANG_ENABLE_OBJC_WEAK = YES;
				CLANG_WARN_BLOCK_CAPTURE_AUTORELEASING = YES;
				CLANG_WARN_BOOL_CONVERSION = YES;
				CLANG_WARN_COMMA = YES;
				CLANG_WARN_CONSTANT_CONVERSION = YES;
				CLANG_WARN_DEPRECATED_OBJC_IMPLEMENTATIONS = YES;
				CLANG_WARN_DIRECT_OBJC_ISA_USAGE = YES_ERROR;
				CLANG_WARN_DOCUMENTATION_COMMENTS = YES;
				CLANG_WARN_EMPTY_BODY = YES;
				CLANG_WARN_ENUM_CONVERSION = YES;
				CLANG_WARN_INFINITE_RECURSION = YES;
				CLANG_WARN_INT_CONVERSION = YES;
				CLANG_WARN_NON_LITERAL_NULL_CONVERSION = YES;
				CLANG_WARN_OBJC_IMPLICIT_RETAIN_SELF = YES;
				CLANG_WARN_OBJC_LITERAL_CONVERSION = YES;
				CLANG_WARN_OBJC_ROOT_CLASS = YES_ERROR;
				CLANG_WARN_QUOTED_INCLUDE_IN_FRAMEWORK_HEADER = YES;
				CLANG_WARN_RANGE_LOOP_ANALYSIS = YES;
				CLANG_WARN_STRICT_PROTOTYPES = YES;
				CLANG_WARN_SUSPICIOUS_MOVE = YES;
				CLANG_WARN_UNGUARDED_AVAILABILITY = YES_AGGRESSIVE;
				CLANG_WARN_UNREACHABLE_CODE = YES;
				CLANG_WARN__DUPLICATE_METHOD_MATCH = YES;
				COPY_PHASE_STRIP = NO;
				DEBUG_INFORMATION_FORMAT = dwarf;
				ENABLE_STRICT_OBJC_MSGSEND = YES;
				ENABLE_TESTABILITY = YES;
				GCC_C_LANGUAGE_STANDARD = gnu11;
				GCC_DYNAMIC_NO_PIC = NO;
				GCC_NO_COMMON_BLOCKS = YES;
				GCC_OPTIMIZATION_LEVEL = 0;
				GCC_PREPROCESSOR_DEFINITIONS = (
					"DEBUG=1",
					"$(inherited)",
				);
				GCC_WARN_64_TO_32_BIT_CONVERSION = YES;
				GCC_WARN_ABOUT_RETURN_TYPE = YES_ERROR;
				GCC_WARN_UNDECLARED_SELECTOR = YES;
				GCC_WARN_UNINITIALIZED_AUTOS = YES_AGGRESSIVE;
				GCC_WARN_UNUSED_FUNCTION = YES;
				GCC_WARN_UNUSED_VARIABLE = YES;
				IPHONEOS_DEPLOYMENT_TARGET = 14.2;
				MTL_ENABLE_DEBUG_INFO = INCLUDE_SOURCE;
				MTL_FAST_MATH = YES;
				ONLY_ACTIVE_ARCH = YES;
				SDKROOT = iphoneos;
				SWIFT_ACTIVE_COMPILATION_CONDITIONS = DEBUG;
				SWIFT_OPTIMIZATION_LEVEL = "-Onone";
			};
			name = Debug;
		};
		CB6E217A256C1D96005173CB /* Release */ = {
			isa = XCBuildConfiguration;
			buildSettings = {
				ALWAYS_SEARCH_USER_PATHS = NO;
				CLANG_ANALYZER_NONNULL = YES;
				CLANG_ANALYZER_NUMBER_OBJECT_CONVERSION = YES_AGGRESSIVE;
				CLANG_CXX_LANGUAGE_STANDARD = "gnu++14";
				CLANG_CXX_LIBRARY = "libc++";
				CLANG_ENABLE_MODULES = YES;
				CLANG_ENABLE_OBJC_ARC = YES;
				CLANG_ENABLE_OBJC_WEAK = YES;
				CLANG_WARN_BLOCK_CAPTURE_AUTORELEASING = YES;
				CLANG_WARN_BOOL_CONVERSION = YES;
				CLANG_WARN_COMMA = YES;
				CLANG_WARN_CONSTANT_CONVERSION = YES;
				CLANG_WARN_DEPRECATED_OBJC_IMPLEMENTATIONS = YES;
				CLANG_WARN_DIRECT_OBJC_ISA_USAGE = YES_ERROR;
				CLANG_WARN_DOCUMENTATION_COMMENTS = YES;
				CLANG_WARN_EMPTY_BODY = YES;
				CLANG_WARN_ENUM_CONVERSION = YES;
				CLANG_WARN_INFINITE_RECURSION = YES;
				CLANG_WARN_INT_CONVERSION = YES;
				CLANG_WARN_NON_LITERAL_NULL_CONVERSION = YES;
				CLANG_WARN_OBJC_IMPLICIT_RETAIN_SELF = YES;
				CLANG_WARN_OBJC_LITERAL_CONVERSION = YES;
				CLANG_WARN_OBJC_ROOT_CLASS = YES_ERROR;
				CLANG_WARN_QUOTED_INCLUDE_IN_FRAMEWORK_HEADER = YES;
				CLANG_WARN_RANGE_LOOP_ANALYSIS = YES;
				CLANG_WARN_STRICT_PROTOTYPES = YES;
				CLANG_WARN_SUSPICIOUS_MOVE = YES;
				CLANG_WARN_UNGUARDED_AVAILABILITY = YES_AGGRESSIVE;
				CLANG_WARN_UNREACHABLE_CODE = YES;
				CLANG_WARN__DUPLICATE_METHOD_MATCH = YES;
				COPY_PHASE_STRIP = NO;
				DEBUG_INFORMATION_FORMAT = "dwarf-with-dsym";
				ENABLE_NS_ASSERTIONS = NO;
				ENABLE_STRICT_OBJC_MSGSEND = YES;
				GCC_C_LANGUAGE_STANDARD = gnu11;
				GCC_NO_COMMON_BLOCKS = YES;
				GCC_WARN_64_TO_32_BIT_CONVERSION = YES;
				GCC_WARN_ABOUT_RETURN_TYPE = YES_ERROR;
				GCC_WARN_UNDECLARED_SELECTOR = YES;
				GCC_WARN_UNINITIALIZED_AUTOS = YES_AGGRESSIVE;
				GCC_WARN_UNUSED_FUNCTION = YES;
				GCC_WARN_UNUSED_VARIABLE = YES;
				IPHONEOS_DEPLOYMENT_TARGET = 14.2;
				MTL_ENABLE_DEBUG_INFO = NO;
				MTL_FAST_MATH = YES;
				SDKROOT = iphoneos;
				SWIFT_COMPILATION_MODE = wholemodule;
				SWIFT_OPTIMIZATION_LEVEL = "-O";
				VALIDATE_PRODUCT = YES;
			};
			name = Release;
		};
		CB6E217C256C1D96005173CB /* Debug */ = {
			isa = XCBuildConfiguration;
			buildSettings = {
				ASSETCATALOG_COMPILER_APPICON_NAME = AppIcon;
				ASSETCATALOG_COMPILER_GLOBAL_ACCENT_COLOR_NAME = AccentColor;
				CODE_SIGN_STYLE = Automatic;
				DEVELOPMENT_TEAM = 646XC4LJ39;
				ENABLE_PREVIEWS = YES;
				INFOPLIST_FILE = CustomAlerts/Info.plist;
				LD_RUNPATH_SEARCH_PATHS = (
					"$(inherited)",
					"@executable_path/Frameworks",
				);
				PRODUCT_BUNDLE_IDENTIFIER = "com.github-umerdeveloper.CustomAlerts";
				PRODUCT_NAME = "$(TARGET_NAME)";
				SWIFT_VERSION = 5.0;
				TARGETED_DEVICE_FAMILY = "1,2";
			};
			name = Debug;
		};
		CB6E217D256C1D96005173CB /* Release */ = {
			isa = XCBuildConfiguration;
			buildSettings = {
				ASSETCATALOG_COMPILER_APPICON_NAME = AppIcon;
				ASSETCATALOG_COMPILER_GLOBAL_ACCENT_COLOR_NAME = AccentColor;
				CODE_SIGN_STYLE = Automatic;
				DEVELOPMENT_TEAM = 646XC4LJ39;
				ENABLE_PREVIEWS = YES;
				INFOPLIST_FILE = CustomAlerts/Info.plist;
				LD_RUNPATH_SEARCH_PATHS = (
					"$(inherited)",
					"@executable_path/Frameworks",
				);
				PRODUCT_BUNDLE_IDENTIFIER = "com.github-umerdeveloper.CustomAlerts";
				PRODUCT_NAME = "$(TARGET_NAME)";
				SWIFT_VERSION = 5.0;
				TARGETED_DEVICE_FAMILY = "1,2";
			};
			name = Release;
		};
/* End XCBuildConfiguration section */

/* Begin XCConfigurationList section */
		CB6E2162256C1D91005173CB /* Build configuration list for PBXProject "CustomAlerts" */ = {
			isa = XCConfigurationList;
			buildConfigurations = (
				CB6E2179256C1D96005173CB /* Debug */,
				CB6E217A256C1D96005173CB /* Release */,
			);
			defaultConfigurationIsVisible = 0;
			defaultConfigurationName = Release;
		};
		CB6E217B256C1D96005173CB /* Build configuration list for PBXNativeTarget "CustomAlerts" */ = {
			isa = XCConfigurationList;
			buildConfigurations = (
				CB6E217C256C1D96005173CB /* Debug */,
				CB6E217D256C1D96005173CB /* Release */,
			);
			defaultConfigurationIsVisible = 0;
			defaultConfigurationName = Release;
		};
/* End XCConfigurationList section */
	};
	rootObject = CB6E215F256C1D91005173CB /* Project object */;
}
